
Microsoft Visual Studio Solution File, Format Version 12.00
# Visual Studio 2012
Project("{FAE04EC0-301F-11D3-BF4B-00C04F79EFBC}") = "UfYH", "UfYH\UfYH.csproj", "{DD213B30-4339-48AA-956E-4A8FC2F0315C}"
EndProject
Project("{FAE04EC0-301F-11D3-BF4B-00C04F79EFBC}") = "UfYHTests", "UfYHTests\UfYHTests.csproj", "{4201F842-AD05-479B-8B9C-610A3D24F592}"
EndProject
Global
	GlobalSection(SolutionConfigurationPlatforms) = preSolution
		Debug|Any CPU = Debug|Any CPU
		Release|Any CPU = Release|Any CPU
	EndGlobalSection
	GlobalSection(ProjectConfigurationPlatforms) = postSolution
		{DD213B30-4339-48AA-956E-4A8FC2F0315C}.Debug|Any CPU.ActiveCfg = Debug|Any CPU
		{DD213B30-4339-48AA-956E-4A8FC2F0315C}.Debug|Any CPU.Build.0 = Debug|Any CPU
		{DD213B30-4339-48AA-956E-4A8FC2F0315C}.Release|Any CPU.ActiveCfg = Release|Any CPU
		{DD213B30-4339-48AA-956E-4A8FC2F0315C}.Release|Any CPU.Build.0 = Release|Any CPU
		{4201F842-AD05-479B-8B9C-610A3D24F592}.Debug|Any CPU.ActiveCfg = Debug|Any CPU
		{4201F842-AD05-479B-8B9C-610A3D24F592}.Debug|Any CPU.Build.0 = Debug|Any CPU
		{4201F842-AD05-479B-8B9C-610A3D24F592}.Release|Any CPU.ActiveCfg = Release|Any CPU
		{4201F842-AD05-479B-8B9C-610A3D24F592}.Release|Any CPU.Build.0 = Release|Any CPU
	EndGlobalSection
	GlobalSection(SolutionProperties) = preSolution
		HideSolutionNode = FALSE
	EndGlobalSection
	GlobalSection(ExtensibilityGlobals) = postSolution
		EnterpriseLibraryConfigurationToolBinariesPath = packages\Unity.2.1.505.2\lib\NET35
	EndGlobalSection
EndGlobal
